
Microsoft Visual Studio Solution File, Format Version 12.00
Project("{FAE04EC0-301F-11D3-BF4B-00C04F79EFBC}") = "DDP.Decorator", "DDP.Decorator\DDP.Decorator.csproj", "{2EAB42FF-81BC-475A-9E8C-A4FE34DE6AF9}"
EndProject
Project("{FAE04EC0-301F-11D3-BF4B-00C04F79EFBC}") = "DDP.CQRS", "DDP.CQRS\DDP.CQRS.csproj", "{C73D59B5-0281-4F69-B5D7-5494F8D35389}"
EndProject
Global
	GlobalSection(SolutionConfigurationPlatforms) = preSolution
		Debug|Any CPU = Debug|Any CPU
		Release|Any CPU = Release|Any CPU
	EndGlobalSection
	GlobalSection(ProjectConfigurationPlatforms) = postSolution
		{2EAB42FF-81BC-475A-9E8C-A4FE34DE6AF9}.Debug|Any CPU.ActiveCfg = Debug|Any CPU
		{2EAB42FF-81BC-475A-9E8C-A4FE34DE6AF9}.Debug|Any CPU.Build.0 = Debug|Any CPU
		{2EAB42FF-81BC-475A-9E8C-A4FE34DE6AF9}.Release|Any CPU.ActiveCfg = Release|Any CPU
		{2EAB42FF-81BC-475A-9E8C-A4FE34DE6AF9}.Release|Any CPU.Build.0 = Release|Any CPU
		{C73D59B5-0281-4F69-B5D7-5494F8D35389}.Debug|Any CPU.ActiveCfg = Debug|Any CPU
		{C73D59B5-0281-4F69-B5D7-5494F8D35389}.Debug|Any CPU.Build.0 = Debug|Any CPU
		{C73D59B5-0281-4F69-B5D7-5494F8D35389}.Release|Any CPU.ActiveCfg = Release|Any CPU
		{C73D59B5-0281-4F69-B5D7-5494F8D35389}.Release|Any CPU.Build.0 = Release|Any CPU
	EndGlobalSection
EndGlobal
